// !$*UTF8*$!
{
	archiveVersion = 1;
	classes = {
	};
	objectVersion = 55;
	objects = {

/* Begin PBXBuildFile section */
		1662EAC528202962009FDD4D /* CircleNode.swift in Sources */ = {isa = PBXBuildFile; fileRef = 1662EAC428202962009FDD4D /* CircleNode.swift */; };
		1662EAC7282036C6009FDD4D /* Diagram.swift in Sources */ = {isa = PBXBuildFile; fileRef = 1662EAC6282036C6009FDD4D /* Diagram.swift */; };
		1662EAC928203E52009FDD4D /* BinaryTreeView.swift in Sources */ = {isa = PBXBuildFile; fileRef = 1662EAC828203E52009FDD4D /* BinaryTreeView.swift */; };
		16901D1C28192AB9000A3CAB /* SwAgApp.swift in Sources */ = {isa = PBXBuildFile; fileRef = 16901D1B28192AB9000A3CAB /* SwAgApp.swift */; };
		16901D1E28192AB9000A3CAB /* ContentView.swift in Sources */ = {isa = PBXBuildFile; fileRef = 16901D1D28192AB9000A3CAB /* ContentView.swift */; };
		16901D2028192ABB000A3CAB /* Assets.xcassets in Resources */ = {isa = PBXBuildFile; fileRef = 16901D1F28192ABB000A3CAB /* Assets.xcassets */; };
		16901D2328192ABB000A3CAB /* Preview Assets.xcassets in Resources */ = {isa = PBXBuildFile; fileRef = 16901D2228192ABB000A3CAB /* Preview Assets.xcassets */; };
		16901D2528192ABB000A3CAB /* Persistence.swift in Sources */ = {isa = PBXBuildFile; fileRef = 16901D2428192ABB000A3CAB /* Persistence.swift */; };
		16901D2828192ABB000A3CAB /* SwAg.xcdatamodeld in Sources */ = {isa = PBXBuildFile; fileRef = 16901D2628192ABB000A3CAB /* SwAg.xcdatamodeld */; };
		16901D38281935D5000A3CAB /* DataStructureList.swift in Sources */ = {isa = PBXBuildFile; fileRef = 16901D37281935D5000A3CAB /* DataStructureList.swift */; };
		16901D3A2819368E000A3CAB /* AlgorithmList.swift in Sources */ = {isa = PBXBuildFile; fileRef = 16901D392819368E000A3CAB /* AlgorithmList.swift */; };
		16901D3C281994C5000A3CAB /* ListItem.swift in Sources */ = {isa = PBXBuildFile; fileRef = 16901D3B281994C5000A3CAB /* ListItem.swift */; };
		16901D3E281998B4000A3CAB /* ModelData.swift in Sources */ = {isa = PBXBuildFile; fileRef = 16901D3D281998B4000A3CAB /* ModelData.swift */; };
		16901D4228199AD5000A3CAB /* algorithmList.json in Resources */ = {isa = PBXBuildFile; fileRef = 16901D4128199AD5000A3CAB /* algorithmList.json */; };
		16901D4628199D36000A3CAB /* dataStructureList.json in Resources */ = {isa = PBXBuildFile; fileRef = 16901D4528199D36000A3CAB /* dataStructureList.json */; };
		16901D49281A45E8000A3CAB /* Localizable.strings in Resources */ = {isa = PBXBuildFile; fileRef = 16901D4B281A45E8000A3CAB /* Localizable.strings */; };
		16901D4E281A6ABD000A3CAB /* DescriptionView.swift in Sources */ = {isa = PBXBuildFile; fileRef = 16901D4D281A6ABD000A3CAB /* DescriptionView.swift */; };
		16901D50281A6E07000A3CAB /* DescriptionCard.swift in Sources */ = {isa = PBXBuildFile; fileRef = 16901D4F281A6E07000A3CAB /* DescriptionCard.swift */; };
		16901D52281A7C4F000A3CAB /* CustomButton.swift in Sources */ = {isa = PBXBuildFile; fileRef = 16901D51281A7C4F000A3CAB /* CustomButton.swift */; };
		16901D5C281C404E000A3CAB /* SortingBar.swift in Sources */ = {isa = PBXBuildFile; fileRef = 16901D5B281C404E000A3CAB /* SortingBar.swift */; };
		16901D5E281C4787000A3CAB /* SortingGraph.swift in Sources */ = {isa = PBXBuildFile; fileRef = 16901D5D281C4787000A3CAB /* SortingGraph.swift */; };
		16901D60281CC61B000A3CAB /* SortItem.swift in Sources */ = {isa = PBXBuildFile; fileRef = 16901D5F281CC61B000A3CAB /* SortItem.swift */; };
		16901D62281CEFFF000A3CAB /* bubbleSort.json in Resources */ = {isa = PBXBuildFile; fileRef = 16901D61281CEFFF000A3CAB /* bubbleSort.json */; };
		16901D68281D223B000A3CAB /* mergeSort.json in Resources */ = {isa = PBXBuildFile; fileRef = 16901D63281D223B000A3CAB /* mergeSort.json */; };
		16901D69281D223B000A3CAB /* insertionSort.json in Resources */ = {isa = PBXBuildFile; fileRef = 16901D64281D223B000A3CAB /* insertionSort.json */; };
		16901D6A281D223B000A3CAB /* heapSort.json in Resources */ = {isa = PBXBuildFile; fileRef = 16901D65281D223B000A3CAB /* heapSort.json */; };
		16901D6B281D223B000A3CAB /* selectionSort.json in Resources */ = {isa = PBXBuildFile; fileRef = 16901D66281D223B000A3CAB /* selectionSort.json */; };
		16901D6C281D223B000A3CAB /* quickSort.json in Resources */ = {isa = PBXBuildFile; fileRef = 16901D67281D223B000A3CAB /* quickSort.json */; };
		16901D6F281E997C000A3CAB /* SavingBox.swift in Sources */ = {isa = PBXBuildFile; fileRef = 16901D6E281E997C000A3CAB /* SavingBox.swift */; };
		16901D71281E9C2C000A3CAB /* Queue.swift in Sources */ = {isa = PBXBuildFile; fileRef = 16901D70281E9C2C000A3CAB /* Queue.swift */; };
		16901D73281EE22F000A3CAB /* Stack.swift in Sources */ = {isa = PBXBuildFile; fileRef = 16901D72281EE22F000A3CAB /* Stack.swift */; };
/* End PBXBuildFile section */

/* Begin PBXFileReference section */
		1662EAC428202962009FDD4D /* CircleNode.swift */ = {isa = PBXFileReference; lastKnownFileType = sourcecode.swift; path = CircleNode.swift; sourceTree = "<group>"; };
		1662EAC6282036C6009FDD4D /* Diagram.swift */ = {isa = PBXFileReference; lastKnownFileType = sourcecode.swift; path = Diagram.swift; sourceTree = "<group>"; };
		1662EAC828203E52009FDD4D /* BinaryTreeView.swift */ = {isa = PBXFileReference; lastKnownFileType = sourcecode.swift; path = BinaryTreeView.swift; sourceTree = "<group>"; };
		16901D1828192AB9000A3CAB /* SwAg.app */ = {isa = PBXFileReference; explicitFileType = wrapper.application; includeInIndex = 0; path = SwAg.app; sourceTree = BUILT_PRODUCTS_DIR; };
		16901D1B28192AB9000A3CAB /* SwAgApp.swift */ = {isa = PBXFileReference; lastKnownFileType = sourcecode.swift; path = SwAgApp.swift; sourceTree = "<group>"; };
		16901D1D28192AB9000A3CAB /* ContentView.swift */ = {isa = PBXFileReference; lastKnownFileType = sourcecode.swift; path = ContentView.swift; sourceTree = "<group>"; };
		16901D1F28192ABB000A3CAB /* Assets.xcassets */ = {isa = PBXFileReference; lastKnownFileType = folder.assetcatalog; path = Assets.xcassets; sourceTree = "<group>"; };
		16901D2228192ABB000A3CAB /* Preview Assets.xcassets */ = {isa = PBXFileReference; lastKnownFileType = folder.assetcatalog; path = "Preview Assets.xcassets"; sourceTree = "<group>"; };
		16901D2428192ABB000A3CAB /* Persistence.swift */ = {isa = PBXFileReference; lastKnownFileType = sourcecode.swift; path = Persistence.swift; sourceTree = "<group>"; };
		16901D2728192ABB000A3CAB /* SwAg.xcdatamodel */ = {isa = PBXFileReference; lastKnownFileType = wrapper.xcdatamodel; path = SwAg.xcdatamodel; sourceTree = "<group>"; };
		16901D37281935D5000A3CAB /* DataStructureList.swift */ = {isa = PBXFileReference; lastKnownFileType = sourcecode.swift; path = DataStructureList.swift; sourceTree = "<group>"; };
		16901D392819368E000A3CAB /* AlgorithmList.swift */ = {isa = PBXFileReference; lastKnownFileType = sourcecode.swift; path = AlgorithmList.swift; sourceTree = "<group>"; };
		16901D3B281994C5000A3CAB /* ListItem.swift */ = {isa = PBXFileReference; lastKnownFileType = sourcecode.swift; path = ListItem.swift; sourceTree = "<group>"; };
		16901D3D281998B4000A3CAB /* ModelData.swift */ = {isa = PBXFileReference; lastKnownFileType = sourcecode.swift; path = ModelData.swift; sourceTree = "<group>"; };
		16901D4128199AD5000A3CAB /* algorithmList.json */ = {isa = PBXFileReference; lastKnownFileType = text.json; path = algorithmList.json; sourceTree = "<group>"; };
		16901D4528199D36000A3CAB /* dataStructureList.json */ = {isa = PBXFileReference; lastKnownFileType = text.json; path = dataStructureList.json; sourceTree = "<group>"; };
		16901D4A281A45E8000A3CAB /* ko */ = {isa = PBXFileReference; lastKnownFileType = text.plist.strings; name = ko; path = ko.lproj/Localizable.strings; sourceTree = "<group>"; };
		16901D4C281A45EC000A3CAB /* en */ = {isa = PBXFileReference; lastKnownFileType = text.plist.strings; name = en; path = en.lproj/Localizable.strings; sourceTree = "<group>"; };
		16901D4D281A6ABD000A3CAB /* DescriptionView.swift */ = {isa = PBXFileReference; lastKnownFileType = sourcecode.swift; path = DescriptionView.swift; sourceTree = "<group>"; };
		16901D4F281A6E07000A3CAB /* DescriptionCard.swift */ = {isa = PBXFileReference; lastKnownFileType = sourcecode.swift; path = DescriptionCard.swift; sourceTree = "<group>"; };
		16901D51281A7C4F000A3CAB /* CustomButton.swift */ = {isa = PBXFileReference; lastKnownFileType = sourcecode.swift; path = CustomButton.swift; sourceTree = "<group>"; };
		16901D5B281C404E000A3CAB /* SortingBar.swift */ = {isa = PBXFileReference; lastKnownFileType = sourcecode.swift; path = SortingBar.swift; sourceTree = "<group>"; };
		16901D5D281C4787000A3CAB /* SortingGraph.swift */ = {isa = PBXFileReference; lastKnownFileType = sourcecode.swift; path = SortingGraph.swift; sourceTree = "<group>"; };
		16901D5F281CC61B000A3CAB /* SortItem.swift */ = {isa = PBXFileReference; lastKnownFileType = sourcecode.swift; path = SortItem.swift; sourceTree = "<group>"; };
		16901D61281CEFFF000A3CAB /* bubbleSort.json */ = {isa = PBXFileReference; lastKnownFileType = text.json; path = bubbleSort.json; sourceTree = "<group>"; };
		16901D63281D223B000A3CAB /* mergeSort.json */ = {isa = PBXFileReference; fileEncoding = 4; lastKnownFileType = text.json; path = mergeSort.json; sourceTree = "<group>"; };
		16901D64281D223B000A3CAB /* insertionSort.json */ = {isa = PBXFileReference; fileEncoding = 4; lastKnownFileType = text.json; path = insertionSort.json; sourceTree = "<group>"; };
		16901D65281D223B000A3CAB /* heapSort.json */ = {isa = PBXFileReference; fileEncoding = 4; lastKnownFileType = text.json; path = heapSort.json; sourceTree = "<group>"; };
		16901D66281D223B000A3CAB /* selectionSort.json */ = {isa = PBXFileReference; fileEncoding = 4; lastKnownFileType = text.json; path = selectionSort.json; sourceTree = "<group>"; };
		16901D67281D223B000A3CAB /* quickSort.json */ = {isa = PBXFileReference; fileEncoding = 4; lastKnownFileType = text.json; path = quickSort.json; sourceTree = "<group>"; };
		16901D6E281E997C000A3CAB /* SavingBox.swift */ = {isa = PBXFileReference; lastKnownFileType = sourcecode.swift; path = SavingBox.swift; sourceTree = "<group>"; };
		16901D70281E9C2C000A3CAB /* Queue.swift */ = {isa = PBXFileReference; lastKnownFileType = sourcecode.swift; path = Queue.swift; sourceTree = "<group>"; };
		16901D72281EE22F000A3CAB /* Stack.swift */ = {isa = PBXFileReference; lastKnownFileType = sourcecode.swift; path = Stack.swift; sourceTree = "<group>"; };
/* End PBXFileReference section */

/* Begin PBXFrameworksBuildPhase section */
		16901D1528192AB9000A3CAB /* Frameworks */ = {
			isa = PBXFrameworksBuildPhase;
			buildActionMask = 2147483647;
			files = (
			);
			runOnlyForDeploymentPostprocessing = 0;
		};
/* End PBXFrameworksBuildPhase section */

/* Begin PBXGroup section */
		1662EAC3282028A2009FDD4D /* Graph */ = {
			isa = PBXGroup;
			children = (
				1662EAC428202962009FDD4D /* CircleNode.swift */,
				1662EAC6282036C6009FDD4D /* Diagram.swift */,
				1662EAC828203E52009FDD4D /* BinaryTreeView.swift */,
			);
			path = Graph;
			sourceTree = "<group>";
		};
		16901D0F28192AB9000A3CAB = {
			isa = PBXGroup;
			children = (
				16901D1A28192AB9000A3CAB /* SwAg */,
				16901D1928192AB9000A3CAB /* Products */,
			);
			sourceTree = "<group>";
		};
		16901D1928192AB9000A3CAB /* Products */ = {
			isa = PBXGroup;
			children = (
				16901D1828192AB9000A3CAB /* SwAg.app */,
			);
			name = Products;
			sourceTree = "<group>";
		};
		16901D1A28192AB9000A3CAB /* SwAg */ = {
			isa = PBXGroup;
			children = (
				16901D1B28192AB9000A3CAB /* SwAgApp.swift */,
				16901D2F28193228000A3CAB /* Views */,
				16901D302819323D000A3CAB /* Models */,
				16901D3328193369000A3CAB /* Resources */,
				16901D2E28193210000A3CAB /* Controllers */,
				16901D1F28192ABB000A3CAB /* Assets.xcassets */,
				16901D2428192ABB000A3CAB /* Persistence.swift */,
				16901D2628192ABB000A3CAB /* SwAg.xcdatamodeld */,
				16901D2128192ABB000A3CAB /* Preview Content */,
			);
			path = SwAg;
			sourceTree = "<group>";
		};
		16901D2128192ABB000A3CAB /* Preview Content */ = {
			isa = PBXGroup;
			children = (
				16901D2228192ABB000A3CAB /* Preview Assets.xcassets */,
			);
			path = "Preview Content";
			sourceTree = "<group>";
		};
		16901D2E28193210000A3CAB /* Controllers */ = {
			isa = PBXGroup;
			children = (
			);
			path = Controllers;
			sourceTree = "<group>";
		};
		16901D2F28193228000A3CAB /* Views */ = {
			isa = PBXGroup;
			children = (
				16901D1D28192AB9000A3CAB /* ContentView.swift */,
				16901D35281933EE000A3CAB /* DataStructure */,
				16901D3628193415000A3CAB /* Algorithm */,
				16901D34281933E3000A3CAB /* Shared */,
			);
			path = Views;
			sourceTree = "<group>";
		};
		16901D302819323D000A3CAB /* Models */ = {
			isa = PBXGroup;
			children = (
				16901D3D281998B4000A3CAB /* ModelData.swift */,
				16901D3B281994C5000A3CAB /* ListItem.swift */,
				16901D5F281CC61B000A3CAB /* SortItem.swift */,
			);
			path = Models;
			sourceTree = "<group>";
		};
		16901D3328193369000A3CAB /* Resources */ = {
			isa = PBXGroup;
			children = (
				16901D3F28199A53000A3CAB /* DataStructure */,
				16901D4028199A67000A3CAB /* Algorithm */,
				16901D4B281A45E8000A3CAB /* Localizable.strings */,
			);
			path = Resources;
			sourceTree = "<group>";
		};
		16901D34281933E3000A3CAB /* Shared */ = {
			isa = PBXGroup;
			children = (
				16901D4D281A6ABD000A3CAB /* DescriptionView.swift */,
				16901D4F281A6E07000A3CAB /* DescriptionCard.swift */,
				16901D51281A7C4F000A3CAB /* CustomButton.swift */,
				16901D59281C3FC5000A3CAB /* Visualization */,
			);
			path = Shared;
			sourceTree = "<group>";
		};
		16901D35281933EE000A3CAB /* DataStructure */ = {
			isa = PBXGroup;
			children = (
				16901D37281935D5000A3CAB /* DataStructureList.swift */,
			);
			path = DataStructure;
			sourceTree = "<group>";
		};
		16901D3628193415000A3CAB /* Algorithm */ = {
			isa = PBXGroup;
			children = (
				16901D392819368E000A3CAB /* AlgorithmList.swift */,
			);
			path = Algorithm;
			sourceTree = "<group>";
		};
		16901D3F28199A53000A3CAB /* DataStructure */ = {
			isa = PBXGroup;
			children = (
				16901D4528199D36000A3CAB /* dataStructureList.json */,
			);
			path = DataStructure;
			sourceTree = "<group>";
		};
		16901D4028199A67000A3CAB /* Algorithm */ = {
			isa = PBXGroup;
			children = (
				16901D4128199AD5000A3CAB /* algorithmList.json */,
				16901D61281CEFFF000A3CAB /* bubbleSort.json */,
				16901D65281D223B000A3CAB /* heapSort.json */,
				16901D64281D223B000A3CAB /* insertionSort.json */,
				16901D63281D223B000A3CAB /* mergeSort.json */,
				16901D67281D223B000A3CAB /* quickSort.json */,
				16901D66281D223B000A3CAB /* selectionSort.json */,
			);
			path = Algorithm;
			sourceTree = "<group>";
		};
		16901D59281C3FC5000A3CAB /* Visualization */ = {
			isa = PBXGroup;
			children = (
				16901D5A281C4027000A3CAB /* Sort */,
				16901D6D281E98FF000A3CAB /* LinearSpace */,
				1662EAC3282028A2009FDD4D /* Graph */,
			);
			path = Visualization;
			sourceTree = "<group>";
		};
		16901D5A281C4027000A3CAB /* Sort */ = {
			isa = PBXGroup;
			children = (
				16901D5B281C404E000A3CAB /* SortingBar.swift */,
				16901D5D281C4787000A3CAB /* SortingGraph.swift */,
			);
			path = Sort;
			sourceTree = "<group>";
		};
		16901D6D281E98FF000A3CAB /* LinearSpace */ = {
			isa = PBXGroup;
			children = (
				16901D6E281E997C000A3CAB /* SavingBox.swift */,
				16901D70281E9C2C000A3CAB /* Queue.swift */,
				16901D72281EE22F000A3CAB /* Stack.swift */,
			);
			path = LinearSpace;
			sourceTree = "<group>";
		};
/* End PBXGroup section */

/* Begin PBXNativeTarget section */
		16901D1728192AB9000A3CAB /* SwAg */ = {
			isa = PBXNativeTarget;
			buildConfigurationList = 16901D2B28192ABB000A3CAB /* Build configuration list for PBXNativeTarget "SwAg" */;
			buildPhases = (
				16901D1428192AB9000A3CAB /* Sources */,
				16901D1528192AB9000A3CAB /* Frameworks */,
				16901D1628192AB9000A3CAB /* Resources */,
			);
			buildRules = (
			);
			dependencies = (
			);
			name = SwAg;
			packageProductDependencies = (
			);
			productName = SwAg;
			productReference = 16901D1828192AB9000A3CAB /* SwAg.app */;
			productType = "com.apple.product-type.application";
		};
/* End PBXNativeTarget section */

/* Begin PBXProject section */
		16901D1028192AB9000A3CAB /* Project object */ = {
			isa = PBXProject;
			attributes = {
				BuildIndependentTargetsInParallel = 1;
				LastSwiftUpdateCheck = 1330;
				LastUpgradeCheck = 1330;
				TargetAttributes = {
					16901D1728192AB9000A3CAB = {
						CreatedOnToolsVersion = 13.3.1;
					};
				};
			};
			buildConfigurationList = 16901D1328192AB9000A3CAB /* Build configuration list for PBXProject "SwAg" */;
			compatibilityVersion = "Xcode 13.0";
			developmentRegion = en;
			hasScannedForEncodings = 0;
			knownRegions = (
				en,
				Base,
				ko,
			);
			mainGroup = 16901D0F28192AB9000A3CAB;
			packageReferences = (
			);
			productRefGroup = 16901D1928192AB9000A3CAB /* Products */;
			projectDirPath = "";
			projectRoot = "";
			targets = (
				16901D1728192AB9000A3CAB /* SwAg */,
			);
		};
/* End PBXProject section */

/* Begin PBXResourcesBuildPhase section */
		16901D1628192AB9000A3CAB /* Resources */ = {
			isa = PBXResourcesBuildPhase;
			buildActionMask = 2147483647;
			files = (
				16901D6B281D223B000A3CAB /* selectionSort.json in Resources */,
				16901D49281A45E8000A3CAB /* Localizable.strings in Resources */,
				16901D2328192ABB000A3CAB /* Preview Assets.xcassets in Resources */,
				16901D4628199D36000A3CAB /* dataStructureList.json in Resources */,
				16901D68281D223B000A3CAB /* mergeSort.json in Resources */,
				16901D62281CEFFF000A3CAB /* bubbleSort.json in Resources */,
				16901D69281D223B000A3CAB /* insertionSort.json in Resources */,
				16901D6C281D223B000A3CAB /* quickSort.json in Resources */,
				16901D4228199AD5000A3CAB /* algorithmList.json in Resources */,
				16901D2028192ABB000A3CAB /* Assets.xcassets in Resources */,
				16901D6A281D223B000A3CAB /* heapSort.json in Resources */,
			);
			runOnlyForDeploymentPostprocessing = 0;
		};
/* End PBXResourcesBuildPhase section */

/* Begin PBXSourcesBuildPhase section */
		16901D1428192AB9000A3CAB /* Sources */ = {
			isa = PBXSourcesBuildPhase;
			buildActionMask = 2147483647;
			files = (
				16901D2528192ABB000A3CAB /* Persistence.swift in Sources */,
				16901D3C281994C5000A3CAB /* ListItem.swift in Sources */,
				16901D6F281E997C000A3CAB /* SavingBox.swift in Sources */,
				16901D73281EE22F000A3CAB /* Stack.swift in Sources */,
				16901D3A2819368E000A3CAB /* AlgorithmList.swift in Sources */,
				16901D4E281A6ABD000A3CAB /* DescriptionView.swift in Sources */,
				16901D1E28192AB9000A3CAB /* ContentView.swift in Sources */,
				16901D38281935D5000A3CAB /* DataStructureList.swift in Sources */,
				1662EAC7282036C6009FDD4D /* Diagram.swift in Sources */,
				16901D5C281C404E000A3CAB /* SortingBar.swift in Sources */,
				1662EAC528202962009FDD4D /* CircleNode.swift in Sources */,
				16901D50281A6E07000A3CAB /* DescriptionCard.swift in Sources */,
				16901D52281A7C4F000A3CAB /* CustomButton.swift in Sources */,
				16901D3E281998B4000A3CAB /* ModelData.swift in Sources */,
				16901D71281E9C2C000A3CAB /* Queue.swift in Sources */,
				1662EAC928203E52009FDD4D /* BinaryTreeView.swift in Sources */,
				16901D1C28192AB9000A3CAB /* SwAgApp.swift in Sources */,
				16901D5E281C4787000A3CAB /* SortingGraph.swift in Sources */,
				16901D60281CC61B000A3CAB /* SortItem.swift in Sources */,
				16901D2828192ABB000A3CAB /* SwAg.xcdatamodeld in Sources */,
			);
			runOnlyForDeploymentPostprocessing = 0;
		};
/* End PBXSourcesBuildPhase section */

/* Begin PBXVariantGroup section */
		16901D4B281A45E8000A3CAB /* Localizable.strings */ = {
			isa = PBXVariantGroup;
			children = (
				16901D4A281A45E8000A3CAB /* ko */,
				16901D4C281A45EC000A3CAB /* en */,
			);
			name = Localizable.strings;
			sourceTree = "<group>";
		};
/* End PBXVariantGroup section */

/* Begin XCBuildConfiguration section */
		16901D2928192ABB000A3CAB /* Debug */ = {
			isa = XCBuildConfiguration;
			buildSettings = {
				ALWAYS_SEARCH_USER_PATHS = NO;
				CLANG_ANALYZER_NONNULL = YES;
				CLANG_ANALYZER_NUMBER_OBJECT_CONVERSION = YES_AGGRESSIVE;
				CLANG_CXX_LANGUAGE_STANDARD = "gnu++17";
				CLANG_ENABLE_MODULES = YES;
				CLANG_ENABLE_OBJC_ARC = YES;
				CLANG_ENABLE_OBJC_WEAK = YES;
				CLANG_WARN_BLOCK_CAPTURE_AUTORELEASING = YES;
				CLANG_WARN_BOOL_CONVERSION = YES;
				CLANG_WARN_COMMA = YES;
				CLANG_WARN_CONSTANT_CONVERSION = YES;
				CLANG_WARN_DEPRECATED_OBJC_IMPLEMENTATIONS = YES;
				CLANG_WARN_DIRECT_OBJC_ISA_USAGE = YES_ERROR;
				CLANG_WARN_DOCUMENTATION_COMMENTS = YES;
				CLANG_WARN_EMPTY_BODY = YES;
				CLANG_WARN_ENUM_CONVERSION = YES;
				CLANG_WARN_INFINITE_RECURSION = YES;
				CLANG_WARN_INT_CONVERSION = YES;
				CLANG_WARN_NON_LITERAL_NULL_CONVERSION = YES;
				CLANG_WARN_OBJC_IMPLICIT_RETAIN_SELF = YES;
				CLANG_WARN_OBJC_LITERAL_CONVERSION = YES;
				CLANG_WARN_OBJC_ROOT_CLASS = YES_ERROR;
				CLANG_WARN_QUOTED_INCLUDE_IN_FRAMEWORK_HEADER = YES;
				CLANG_WARN_RANGE_LOOP_ANALYSIS = YES;
				CLANG_WARN_STRICT_PROTOTYPES = YES;
				CLANG_WARN_SUSPICIOUS_MOVE = YES;
				CLANG_WARN_UNGUARDED_AVAILABILITY = YES_AGGRESSIVE;
				CLANG_WARN_UNREACHABLE_CODE = YES;
				CLANG_WARN__DUPLICATE_METHOD_MATCH = YES;
				COPY_PHASE_STRIP = NO;
				DEBUG_INFORMATION_FORMAT = dwarf;
				ENABLE_STRICT_OBJC_MSGSEND = YES;
				ENABLE_TESTABILITY = YES;
				GCC_C_LANGUAGE_STANDARD = gnu11;
				GCC_DYNAMIC_NO_PIC = NO;
				GCC_NO_COMMON_BLOCKS = YES;
				GCC_OPTIMIZATION_LEVEL = 0;
				GCC_PREPROCESSOR_DEFINITIONS = (
					"DEBUG=1",
					"$(inherited)",
				);
				GCC_WARN_64_TO_32_BIT_CONVERSION = YES;
				GCC_WARN_ABOUT_RETURN_TYPE = YES_ERROR;
				GCC_WARN_UNDECLARED_SELECTOR = YES;
				GCC_WARN_UNINITIALIZED_AUTOS = YES_AGGRESSIVE;
				GCC_WARN_UNUSED_FUNCTION = YES;
				GCC_WARN_UNUSED_VARIABLE = YES;
				IPHONEOS_DEPLOYMENT_TARGET = 15.4;
				MTL_ENABLE_DEBUG_INFO = INCLUDE_SOURCE;
				MTL_FAST_MATH = YES;
				ONLY_ACTIVE_ARCH = YES;
				SDKROOT = iphoneos;
				SWIFT_ACTIVE_COMPILATION_CONDITIONS = DEBUG;
				SWIFT_OPTIMIZATION_LEVEL = "-Onone";
			};
			name = Debug;
		};
		16901D2A28192ABB000A3CAB /* Release */ = {
			isa = XCBuildConfiguration;
			buildSettings = {
				ALWAYS_SEARCH_USER_PATHS = NO;
				CLANG_ANALYZER_NONNULL = YES;
				CLANG_ANALYZER_NUMBER_OBJECT_CONVERSION = YES_AGGRESSIVE;
				CLANG_CXX_LANGUAGE_STANDARD = "gnu++17";
				CLANG_ENABLE_MODULES = YES;
				CLANG_ENABLE_OBJC_ARC = YES;
				CLANG_ENABLE_OBJC_WEAK = YES;
				CLANG_WARN_BLOCK_CAPTURE_AUTORELEASING = YES;
				CLANG_WARN_BOOL_CONVERSION = YES;
				CLANG_WARN_COMMA = YES;
				CLANG_WARN_CONSTANT_CONVERSION = YES;
				CLANG_WARN_DEPRECATED_OBJC_IMPLEMENTATIONS = YES;
				CLANG_WARN_DIRECT_OBJC_ISA_USAGE = YES_ERROR;
				CLANG_WARN_DOCUMENTATION_COMMENTS = YES;
				CLANG_WARN_EMPTY_BODY = YES;
				CLANG_WARN_ENUM_CONVERSION = YES;
				CLANG_WARN_INFINITE_RECURSION = YES;
				CLANG_WARN_INT_CONVERSION = YES;
				CLANG_WARN_NON_LITERAL_NULL_CONVERSION = YES;
				CLANG_WARN_OBJC_IMPLICIT_RETAIN_SELF = YES;
				CLANG_WARN_OBJC_LITERAL_CONVERSION = YES;
				CLANG_WARN_OBJC_ROOT_CLASS = YES_ERROR;
				CLANG_WARN_QUOTED_INCLUDE_IN_FRAMEWORK_HEADER = YES;
				CLANG_WARN_RANGE_LOOP_ANALYSIS = YES;
				CLANG_WARN_STRICT_PROTOTYPES = YES;
				CLANG_WARN_SUSPICIOUS_MOVE = YES;
				CLANG_WARN_UNGUARDED_AVAILABILITY = YES_AGGRESSIVE;
				CLANG_WARN_UNREACHABLE_CODE = YES;
				CLANG_WARN__DUPLICATE_METHOD_MATCH = YES;
				COPY_PHASE_STRIP = NO;
				DEBUG_INFORMATION_FORMAT = "dwarf-with-dsym";
				ENABLE_NS_ASSERTIONS = NO;
				ENABLE_STRICT_OBJC_MSGSEND = YES;
				GCC_C_LANGUAGE_STANDARD = gnu11;
				GCC_NO_COMMON_BLOCKS = YES;
				GCC_WARN_64_TO_32_BIT_CONVERSION = YES;
				GCC_WARN_ABOUT_RETURN_TYPE = YES_ERROR;
				GCC_WARN_UNDECLARED_SELECTOR = YES;
				GCC_WARN_UNINITIALIZED_AUTOS = YES_AGGRESSIVE;
				GCC_WARN_UNUSED_FUNCTION = YES;
				GCC_WARN_UNUSED_VARIABLE = YES;
				IPHONEOS_DEPLOYMENT_TARGET = 15.4;
				MTL_ENABLE_DEBUG_INFO = NO;
				MTL_FAST_MATH = YES;
				SDKROOT = iphoneos;
				SWIFT_COMPILATION_MODE = wholemodule;
				SWIFT_OPTIMIZATION_LEVEL = "-O";
				VALIDATE_PRODUCT = YES;
			};
			name = Release;
		};
		16901D2C28192ABB000A3CAB /* Debug */ = {
			isa = XCBuildConfiguration;
			buildSettings = {
				ASSETCATALOG_COMPILER_APPICON_NAME = AppIcon;
				ASSETCATALOG_COMPILER_GLOBAL_ACCENT_COLOR_NAME = AccentColor;
				CODE_SIGN_STYLE = Automatic;
				CURRENT_PROJECT_VERSION = 1;
				DEVELOPMENT_ASSET_PATHS = "\"SwAg/Preview Content\"";
				DEVELOPMENT_TEAM = 79Q32HWWTW;
				ENABLE_PREVIEWS = YES;
				GENERATE_INFOPLIST_FILE = YES;
				INFOPLIST_KEY_UIApplicationSceneManifest_Generation = YES;
				INFOPLIST_KEY_UIApplicationSupportsIndirectInputEvents = YES;
				INFOPLIST_KEY_UILaunchScreen_Generation = YES;
				INFOPLIST_KEY_UISupportedInterfaceOrientations = "";
				INFOPLIST_KEY_UISupportedInterfaceOrientations_iPad = "UIInterfaceOrientationPortrait UIInterfaceOrientationPortraitUpsideDown UIInterfaceOrientationLandscapeLeft UIInterfaceOrientationLandscapeRight";
				INFOPLIST_KEY_UISupportedInterfaceOrientations_iPhone = UIInterfaceOrientationPortrait;
				LD_RUNPATH_SEARCH_PATHS = (
					"$(inherited)",
					"@executable_path/Frameworks",
				);
				MARKETING_VERSION = 1.0;
				PRODUCT_BUNDLE_IDENTIFIER = com.DevLuce.SwAg;
				PRODUCT_NAME = "$(TARGET_NAME)";
				SWIFT_EMIT_LOC_STRINGS = YES;
				SWIFT_VERSION = 5.0;
				TARGETED_DEVICE_FAMILY = "1,2";
			};
			name = Debug;
		};
		16901D2D28192ABB000A3CAB /* Release */ = {
			isa = XCBuildConfiguration;
			buildSettings = {
				ASSETCATALOG_COMPILER_APPICON_NAME = AppIcon;
				ASSETCATALOG_COMPILER_GLOBAL_ACCENT_COLOR_NAME = AccentColor;
				CODE_SIGN_STYLE = Automatic;
				CURRENT_PROJECT_VERSION = 1;
				DEVELOPMENT_ASSET_PATHS = "\"SwAg/Preview Content\"";
				DEVELOPMENT_TEAM = 79Q32HWWTW;
				ENABLE_PREVIEWS = YES;
				GENERATE_INFOPLIST_FILE = YES;
				INFOPLIST_KEY_UIApplicationSceneManifest_Generation = YES;
				INFOPLIST_KEY_UIApplicationSupportsIndirectInputEvents = YES;
				INFOPLIST_KEY_UILaunchScreen_Generation = YES;
				INFOPLIST_KEY_UISupportedInterfaceOrientations = "";
				INFOPLIST_KEY_UISupportedInterfaceOrientations_iPad = "UIInterfaceOrientationPortrait UIInterfaceOrientationPortraitUpsideDown UIInterfaceOrientationLandscapeLeft UIInterfaceOrientationLandscapeRight";
				INFOPLIST_KEY_UISupportedInterfaceOrientations_iPhone = UIInterfaceOrientationPortrait;
				LD_RUNPATH_SEARCH_PATHS = (
					"$(inherited)",
					"@executable_path/Frameworks",
				);
				MARKETING_VERSION = 1.0;
				PRODUCT_BUNDLE_IDENTIFIER = com.DevLuce.SwAg;
				PRODUCT_NAME = "$(TARGET_NAME)";
				SWIFT_EMIT_LOC_STRINGS = YES;
				SWIFT_VERSION = 5.0;
				TARGETED_DEVICE_FAMILY = "1,2";
			};
			name = Release;
		};
/* End XCBuildConfiguration section */

/* Begin XCConfigurationList section */
		16901D1328192AB9000A3CAB /* Build configuration list for PBXProject "SwAg" */ = {
			isa = XCConfigurationList;
			buildConfigurations = (
				16901D2928192ABB000A3CAB /* Debug */,
				16901D2A28192ABB000A3CAB /* Release */,
			);
			defaultConfigurationIsVisible = 0;
			defaultConfigurationName = Release;
		};
		16901D2B28192ABB000A3CAB /* Build configuration list for PBXNativeTarget "SwAg" */ = {
			isa = XCConfigurationList;
			buildConfigurations = (
				16901D2C28192ABB000A3CAB /* Debug */,
				16901D2D28192ABB000A3CAB /* Release */,
			);
			defaultConfigurationIsVisible = 0;
			defaultConfigurationName = Release;
		};
/* End XCConfigurationList section */

/* Begin XCVersionGroup section */
		16901D2628192ABB000A3CAB /* SwAg.xcdatamodeld */ = {
			isa = XCVersionGroup;
			children = (
				16901D2728192ABB000A3CAB /* SwAg.xcdatamodel */,
			);
			currentVersion = 16901D2728192ABB000A3CAB /* SwAg.xcdatamodel */;
			path = SwAg.xcdatamodeld;
			sourceTree = "<group>";
			versionGroupType = wrapper.xcdatamodel;
		};
/* End XCVersionGroup section */
	};
	rootObject = 16901D1028192AB9000A3CAB /* Project object */;
}
